
Microsoft Visual Studio Solution File, Format Version 12.00
# Visual Studio Version 17
VisualStudioVersion = 17.9.34607.119
MinimumVisualStudioVersion = 10.0.40219.1
Project("{FAE04EC0-301F-11D3-BF4B-00C04F79EFBC}") = "IDT_DU02", "IDT_DU02\IDT_DU02.csproj", "{4367C596-B6BF-442E-940B-ECDED374B145}"
EndProject
Global
	GlobalSection(SolutionConfigurationPlatforms) = preSolution
		Debug|Any CPU = Debug|Any CPU
		Release|Any CPU = Release|Any CPU
	EndGlobalSection
	GlobalSection(ProjectConfigurationPlatforms) = postSolution
		{4367C596-B6BF-442E-940B-ECDED374B145}.Debug|Any CPU.ActiveCfg = Debug|Any CPU
		{4367C596-B6BF-442E-940B-ECDED374B145}.Debug|Any CPU.Build.0 = Debug|Any CPU
		{4367C596-B6BF-442E-940B-ECDED374B145}.Release|Any CPU.ActiveCfg = Release|Any CPU
		{4367C596-B6BF-442E-940B-ECDED374B145}.Release|Any CPU.Build.0 = Release|Any CPU
	EndGlobalSection
	GlobalSection(SolutionProperties) = preSolution
		HideSolutionNode = FALSE
	EndGlobalSection
	GlobalSection(ExtensibilityGlobals) = postSolution
		SolutionGuid = {D53B5118-4306-4B1D-910D-DA459F19DBDE}
	EndGlobalSection
EndGlobal
